
Microsoft Visual Studio Solution File, Format Version 12.00
# Visual Studio Version 16
VisualStudioVersion = 16.0.30804.86
MinimumVisualStudioVersion = 10.0.40219.1
Project("{FAE04EC0-301F-11D3-BF4B-00C04F79EFBC}") = "MVVM", "MVVM.csproj", "{244D4558-2908-4C9A-9A76-D78147E54249}"
EndProject
Global
	GlobalSection(SolutionConfigurationPlatforms) = preSolution
		Debug|Any CPU = Debug|Any CPU
		Release|Any CPU = Release|Any CPU
	EndGlobalSection
	GlobalSection(ProjectConfigurationPlatforms) = postSolution
		{244D4558-2908-4C9A-9A76-D78147E54249}.Debug|Any CPU.ActiveCfg = Debug|Any CPU
		{244D4558-2908-4C9A-9A76-D78147E54249}.Debug|Any CPU.Build.0 = Debug|Any CPU
		{244D4558-2908-4C9A-9A76-D78147E54249}.Release|Any CPU.ActiveCfg = Release|Any CPU
		{244D4558-2908-4C9A-9A76-D78147E54249}.Release|Any CPU.Build.0 = Release|Any CPU
	EndGlobalSection
	GlobalSection(SolutionProperties) = preSolution
		HideSolutionNode = FALSE
	EndGlobalSection
	GlobalSection(ExtensibilityGlobals) = postSolution
		SolutionGuid = {57E63F66-A36F-431B-813B-4969103023D6}
	EndGlobalSection
EndGlobal
